
Microsoft Visual Studio Solution File, Format Version 12.00
# Visual Studio 15
VisualStudioVersion = 15.0.27703.2018
MinimumVisualStudioVersion = 10.0.40219.1
Project("{8BC9CEB8-8B4A-11D0-8D11-00A0C91BC942}") = "01_Bank", "01_Bank\01_Bank.vcxproj", "{6168E629-4198-4E13-A622-A1A88E629838}"
EndProject
Project("{8BC9CEB8-8B4A-11D0-8D11-00A0C91BC942}") = "02_Bank", "02_Bank\02_Bank.vcxproj", "{D13780F7-A8AE-4B14-8CCD-FD8D711003EC}"
EndProject
Project("{8BC9CEB8-8B4A-11D0-8D11-00A0C91BC942}") = "03_Bank", "03_Bank\03_Bank.vcxproj", "{F53FF3B7-B78D-4277-8944-85B10391490E}"
EndProject
Project("{8BC9CEB8-8B4A-11D0-8D11-00A0C91BC942}") = "04_Bank", "04_Bank\04_Bank.vcxproj", "{7ADEB16D-F53E-42F8-969A-CBD84F6A5488}"
EndProject
Global
	GlobalSection(SolutionConfigurationPlatforms) = preSolution
		Debug|x64 = Debug|x64
		Debug|x86 = Debug|x86
		Release|x64 = Release|x64
		Release|x86 = Release|x86
	EndGlobalSection
	GlobalSection(ProjectConfigurationPlatforms) = postSolution
		{6168E629-4198-4E13-A622-A1A88E629838}.Debug|x64.ActiveCfg = Debug|x64
		{6168E629-4198-4E13-A622-A1A88E629838}.Debug|x64.Build.0 = Debug|x64
		{6168E629-4198-4E13-A622-A1A88E629838}.Debug|x86.ActiveCfg = Debug|Win32
		{6168E629-4198-4E13-A622-A1A88E629838}.Debug|x86.Build.0 = Debug|Win32
		{6168E629-4198-4E13-A622-A1A88E629838}.Release|x64.ActiveCfg = Release|x64
		{6168E629-4198-4E13-A622-A1A88E629838}.Release|x64.Build.0 = Release|x64
		{6168E629-4198-4E13-A622-A1A88E629838}.Release|x86.ActiveCfg = Release|Win32
		{6168E629-4198-4E13-A622-A1A88E629838}.Release|x86.Build.0 = Release|Win32
		{D13780F7-A8AE-4B14-8CCD-FD8D711003EC}.Debug|x64.ActiveCfg = Debug|x64
		{D13780F7-A8AE-4B14-8CCD-FD8D711003EC}.Debug|x64.Build.0 = Debug|x64
		{D13780F7-A8AE-4B14-8CCD-FD8D711003EC}.Debug|x86.ActiveCfg = Debug|Win32
		{D13780F7-A8AE-4B14-8CCD-FD8D711003EC}.Debug|x86.Build.0 = Debug|Win32
		{D13780F7-A8AE-4B14-8CCD-FD8D711003EC}.Release|x64.ActiveCfg = Release|x64
		{D13780F7-A8AE-4B14-8CCD-FD8D711003EC}.Release|x64.Build.0 = Release|x64
		{D13780F7-A8AE-4B14-8CCD-FD8D711003EC}.Release|x86.ActiveCfg = Release|Win32
		{D13780F7-A8AE-4B14-8CCD-FD8D711003EC}.Release|x86.Build.0 = Release|Win32
		{F53FF3B7-B78D-4277-8944-85B10391490E}.Debug|x64.ActiveCfg = Debug|x64
		{F53FF3B7-B78D-4277-8944-85B10391490E}.Debug|x64.Build.0 = Debug|x64
		{F53FF3B7-B78D-4277-8944-85B10391490E}.Debug|x86.ActiveCfg = Debug|Win32
		{F53FF3B7-B78D-4277-8944-85B10391490E}.Debug|x86.Build.0 = Debug|Win32
		{F53FF3B7-B78D-4277-8944-85B10391490E}.Release|x64.ActiveCfg = Release|x64
		{F53FF3B7-B78D-4277-8944-85B10391490E}.Release|x64.Build.0 = Release|x64
		{F53FF3B7-B78D-4277-8944-85B10391490E}.Release|x86.ActiveCfg = Release|Win32
		{F53FF3B7-B78D-4277-8944-85B10391490E}.Release|x86.Build.0 = Release|Win32
		{7ADEB16D-F53E-42F8-969A-CBD84F6A5488}.Debug|x64.ActiveCfg = Debug|x64
		{7ADEB16D-F53E-42F8-969A-CBD84F6A5488}.Debug|x64.Build.0 = Debug|x64
		{7ADEB16D-F53E-42F8-969A-CBD84F6A5488}.Debug|x86.ActiveCfg = Debug|Win32
		{7ADEB16D-F53E-42F8-969A-CBD84F6A5488}.Debug|x86.Build.0 = Debug|Win32
		{7ADEB16D-F53E-42F8-969A-CBD84F6A5488}.Release|x64.ActiveCfg = Release|x64
		{7ADEB16D-F53E-42F8-969A-CBD84F6A5488}.Release|x64.Build.0 = Release|x64
		{7ADEB16D-F53E-42F8-969A-CBD84F6A5488}.Release|x86.ActiveCfg = Release|Win32
		{7ADEB16D-F53E-42F8-969A-CBD84F6A5488}.Release|x86.Build.0 = Release|Win32
	EndGlobalSection
	GlobalSection(SolutionProperties) = preSolution
		HideSolutionNode = FALSE
	EndGlobalSection
	GlobalSection(ExtensibilityGlobals) = postSolution
		SolutionGuid = {037F3F79-50FF-44BF-AA5C-65140643400F}
	EndGlobalSection
EndGlobal
