<?xml version="1.0" encoding="utf-8"?>
<Project ToolsVersion="4.0" xmlns="http://schemas.microsoft.com/developer/msbuild/2003">
  <ItemGroup>
    <Filter Include="Source Files">
      <UniqueIdentifier>{4FC737F1-C7A5-4376-A066-2A32D752A2FF}</UniqueIdentifier>
      <Extensions>cpp;c;cc;cxx;def;odl;idl;hpj;bat;asm;asmx</Extensions>
    </Filter>
    <Filter Include="Header Files">
      <UniqueIdentifier>{93995380-89BD-4b04-88EB-625FBE52EBFB}</UniqueIdentifier>
      <Extensions>h;hh;hpp;hxx;hm;inl;inc;ipp;xsd</Extensions>
    </Filter>
    <Filter Include="Resource Files">
      <UniqueIdentifier>{67DA6AB6-F800-4c08-8B7A-83BB121AAD01}</UniqueIdentifier>
      <Extensions>rc;ico;cur;bmp;dlg;rc2;rct;bin;rgs;gif;jpg;jpeg;jpe;resx;tiff;tif;png;wav;mfcribbon-ms</Extensions>
    </Filter>
  </ItemGroup>
  <ItemGroup>
    <ClCompile Include="ArrayAccountsContainer.cpp">
      <Filter>Source Files</Filter>
    </ClCompile>
    <ClCompile Include="Bank.cpp">
      <Filter>Source Files</Filter>
    </ClCompile>
    <ClCompile Include="BankApp.cpp">
      <Filter>Source Files</Filter>
    </ClCompile>
    <ClCompile Include="CheckingAccount.cpp">
      <Filter>Source Files</Filter>
    </ClCompile>
    <ClCompile Include="CurrencyMismatchException.cpp">
      <Filter>Source Files</Filter>
    </ClCompile>
    <ClCompile Include="DepositCmd.cpp">
      <Filter>Source Files</Filter>
    </ClCompile>
    <ClCompile Include="FlatInterestRate.cpp">
      <Filter>Source Files</Filter>
    </ClCompile>
    <ClCompile Include="IAccount.cpp">
      <Filter>Source Files</Filter>
    </ClCompile>
    <ClCompile Include="ICommand.cpp">
      <Filter>Source Files</Filter>
    </ClCompile>
    <ClCompile Include="IFee.cpp">
      <Filter>Source Files</Filter>
    </ClCompile>
    <ClCompile Include="IInterestRate.cpp">
      <Filter>Source Files</Filter>
    </ClCompile>
    <ClCompile Include="Money.cpp">
      <Filter>Source Files</Filter>
    </ClCompile>
    <ClCompile Include="MonthCmd.cpp">
      <Filter>Source Files</Filter>
    </ClCompile>
    <ClCompile Include="MonthlyFee.cpp">
      <Filter>Source Files</Filter>
    </ClCompile>
    <ClCompile Include="PrintCmd.cpp">
      <Filter>Source Files</Filter>
    </ClCompile>
    <ClCompile Include="SavingsAccount.cpp">
      <Filter>Source Files</Filter>
    </ClCompile>
    <ClCompile Include="ScreenBankWriter.cpp">
      <Filter>Source Files</Filter>
    </ClCompile>
    <ClCompile Include="StreamAccountReader.cpp">
      <Filter>Source Files</Filter>
    </ClCompile>
    <ClCompile Include="StreamCommandReader.cpp">
      <Filter>Source Files</Filter>
    </ClCompile>
    <ClCompile Include="TieredInterestRate.cpp">
      <Filter>Source Files</Filter>
    </ClCompile>
    <ClCompile Include="TieredType.cpp">
      <Filter>Source Files</Filter>
    </ClCompile>
    <ClCompile Include="TransactionalFee.cpp">
      <Filter>Source Files</Filter>
    </ClCompile>
    <ClCompile Include="WithdrawCmd.cpp">
      <Filter>Source Files</Filter>
    </ClCompile>
    <ClCompile Include="BackupCmd.cpp">
      <Filter>Source Files</Filter>
    </ClCompile>
    <ClCompile Include="MapAccountsContainer.cpp">
      <Filter>Source Files</Filter>
    </ClCompile>
    <ClCompile Include="BackupVisitor.cpp">
      <Filter>Source Files</Filter>
    </ClCompile>
    <ClCompile Include="MonthVisitor.cpp">
      <Filter>Source Files</Filter>
    </ClCompile>
    <ClCompile Include="PrintVisitor.cpp">
      <Filter>Source Files</Filter>
    </ClCompile>
    <ClCompile Include="CurrencyConversion.cpp">
      <Filter>Source Files</Filter>
    </ClCompile>
    <ClCompile Include="main.cpp">
      <Filter>Source Files</Filter>
    </ClCompile>
    <ClCompile Include="IAccountsContainer.cpp">
      <Filter>Source Files</Filter>
    </ClCompile>
  </ItemGroup>
  <ItemGroup>
    <ClInclude Include="ArrayAccountsContainer.h">
      <Filter>Header Files</Filter>
    </ClInclude>
    <ClInclude Include="Bank.h">
      <Filter>Header Files</Filter>
    </ClInclude>
    <ClInclude Include="BankApp.h">
      <Filter>Header Files</Filter>
    </ClInclude>
    <ClInclude Include="CheckingAccount.h">
      <Filter>Header Files</Filter>
    </ClInclude>
    <ClInclude Include="CurrencyMismatchException.h">
      <Filter>Header Files</Filter>
    </ClInclude>
    <ClInclude Include="DepositCmd.h">
      <Filter>Header Files</Filter>
    </ClInclude>
    <ClInclude Include="FlatInterestRate.h">
      <Filter>Header Files</Filter>
    </ClInclude>
    <ClInclude Include="IAccountReader.h">
      <Filter>Header Files</Filter>
    </ClInclude>
    <ClInclude Include="IAccountsContainer.h">
      <Filter>Header Files</Filter>
    </ClInclude>
    <ClInclude Include="IBankWriter.h">
      <Filter>Header Files</Filter>
    </ClInclude>
    <ClInclude Include="ICommand.h">
      <Filter>Header Files</Filter>
    </ClInclude>
    <ClInclude Include="ICommandReader.h">
      <Filter>Header Files</Filter>
    </ClInclude>
    <ClInclude Include="IFee.h">
      <Filter>Header Files</Filter>
    </ClInclude>
    <ClInclude Include="IInterestRate.h">
      <Filter>Header Files</Filter>
    </ClInclude>
    <ClInclude Include="Money.h">
      <Filter>Header Files</Filter>
    </ClInclude>
    <ClInclude Include="MonthCmd.h">
      <Filter>Header Files</Filter>
    </ClInclude>
    <ClInclude Include="MonthlyFee.h">
      <Filter>Header Files</Filter>
    </ClInclude>
    <ClInclude Include="PrintCmd.h">
      <Filter>Header Files</Filter>
    </ClInclude>
    <ClInclude Include="SavingsAccount.h">
      <Filter>Header Files</Filter>
    </ClInclude>
    <ClInclude Include="ScreenBankWriter.h">
      <Filter>Header Files</Filter>
    </ClInclude>
    <ClInclude Include="StreamAccountReader.h">
      <Filter>Header Files</Filter>
    </ClInclude>
    <ClInclude Include="StreamCommandReader.h">
      <Filter>Header Files</Filter>
    </ClInclude>
    <ClInclude Include="TieredInterestRate.h">
      <Filter>Header Files</Filter>
    </ClInclude>
    <ClInclude Include="TieredType.h">
      <Filter>Header Files</Filter>
    </ClInclude>
    <ClInclude Include="TransactionalFee.h">
      <Filter>Header Files</Filter>
    </ClInclude>
    <ClInclude Include="WithdrawCmd.h">
      <Filter>Header Files</Filter>
    </ClInclude>
    <ClInclude Include="MapAccountsContainer.h">
      <Filter>Header Files</Filter>
    </ClInclude>
    <ClInclude Include="IAccountVisitor.h">
      <Filter>Header Files</Filter>
    </ClInclude>
    <ClInclude Include="BackupVisitor.h">
      <Filter>Header Files</Filter>
    </ClInclude>
    <ClInclude Include="MonthVisitor.h">
      <Filter>Header Files</Filter>
    </ClInclude>
    <ClInclude Include="PrintVisitor.h">
      <Filter>Header Files</Filter>
    </ClInclude>
    <ClInclude Include="BackupCmd.h">
      <Filter>Header Files</Filter>
    </ClInclude>
    <ClInclude Include="CurrencyConversion.h">
      <Filter>Header Files</Filter>
    </ClInclude>
    <ClInclude Include="IAccount.h">
      <Filter>Header Files</Filter>
    </ClInclude>
  </ItemGroup>
  <ItemGroup>
    <Text Include="AccountHundo.txt">
      <Filter>Resource Files</Filter>
    </Text>
    <Text Include="Accounts.txt">
      <Filter>Resource Files</Filter>
    </Text>
    <Text Include="Commands.txt">
      <Filter>Resource Files</Filter>
    </Text>
    <Text Include="CurrencyConversions.txt">
      <Filter>Resource Files</Filter>
    </Text>
    <Text Include="c.txt">
      <Filter>Resource Files</Filter>
    </Text>
    <Text Include="s.txt">
      <Filter>Resource Files</Filter>
    </Text>
    <Text Include="checkingBackup_1.txt">
      <Filter>Resource Files</Filter>
    </Text>
    <Text Include="savingsBackup_1.txt">
      <Filter>Resource Files</Filter>
    </Text>
  </ItemGroup>
</Project>